<Solution>
  <Folder Name="/src/">
    <Project Path="src/Api/Api.csproj" />
    <Project Path="src/AppHost/AppHost.csproj" />
    <Project Path="src/BuildingBlocks/BuildingBlocks.csproj" />
    <Project Path="src/Modules/Modules.csproj" />
  </Folder>
  <Folder Name="/tests/">
    <Project Path="tests/Api.IntegrationTests/Api.IntegrationTests.csproj" />
    <Project Path="tests/BuildingBlocks.UnitTests/BuildingBlocks.UnitTests.csproj" />
    <Project Path="tests/Modules.UnitTests/Modules.UnitTests.csproj" />
  </Folder>
</Solution>
